
Microsoft Visual Studio Solution File, Format Version 12.00
# Visual Studio Version 17
VisualStudioVersion = 17.0.31919.166
MinimumVisualStudioVersion = 10.0.40219.1
Project("{FAE04EC0-301F-11D3-BF4B-00C04F79EFBC}") = "Genpass4Win", "Genpass4Win\Genpass4Win.csproj", "{68CFF61C-4E14-423D-9C6B-13283ACEDF0C}"
EndProject
Project("{2150E333-8FDC-42A3-9474-1A3956D46DE8}") = "Git and GitHub files", "Git and GitHub files", "{2692DC5F-127A-4BE4-85A9-12B3E216C691}"
	ProjectSection(SolutionItems) = preProject
		.gitattributes = .gitattributes
		.gitignore = .gitignore
		CHANGELOG.md = CHANGELOG.md
		LICENSE = LICENSE
		README.md = README.md
	EndProjectSection
EndProject
Global
	GlobalSection(SolutionConfigurationPlatforms) = preSolution
		Debug|ARM = Debug|ARM
		Debug|ARM64 = Debug|ARM64
		Debug|x64 = Debug|x64
		Debug|x86 = Debug|x86
		Release|ARM = Release|ARM
		Release|ARM64 = Release|ARM64
		Release|x64 = Release|x64
		Release|x86 = Release|x86
	EndGlobalSection
	GlobalSection(ProjectConfigurationPlatforms) = postSolution
		{68CFF61C-4E14-423D-9C6B-13283ACEDF0C}.Debug|ARM.ActiveCfg = Debug|ARM
		{68CFF61C-4E14-423D-9C6B-13283ACEDF0C}.Debug|ARM.Build.0 = Debug|ARM
		{68CFF61C-4E14-423D-9C6B-13283ACEDF0C}.Debug|ARM.Deploy.0 = Debug|ARM
		{68CFF61C-4E14-423D-9C6B-13283ACEDF0C}.Debug|ARM64.ActiveCfg = Debug|ARM64
		{68CFF61C-4E14-423D-9C6B-13283ACEDF0C}.Debug|ARM64.Build.0 = Debug|ARM64
		{68CFF61C-4E14-423D-9C6B-13283ACEDF0C}.Debug|ARM64.Deploy.0 = Debug|ARM64
		{68CFF61C-4E14-423D-9C6B-13283ACEDF0C}.Debug|x64.ActiveCfg = Debug|x64
		{68CFF61C-4E14-423D-9C6B-13283ACEDF0C}.Debug|x64.Build.0 = Debug|x64
		{68CFF61C-4E14-423D-9C6B-13283ACEDF0C}.Debug|x64.Deploy.0 = Debug|x64
		{68CFF61C-4E14-423D-9C6B-13283ACEDF0C}.Debug|x86.ActiveCfg = Debug|x86
		{68CFF61C-4E14-423D-9C6B-13283ACEDF0C}.Debug|x86.Build.0 = Debug|x86
		{68CFF61C-4E14-423D-9C6B-13283ACEDF0C}.Debug|x86.Deploy.0 = Debug|x86
		{68CFF61C-4E14-423D-9C6B-13283ACEDF0C}.Release|ARM.ActiveCfg = Release|ARM
		{68CFF61C-4E14-423D-9C6B-13283ACEDF0C}.Release|ARM.Build.0 = Release|ARM
		{68CFF61C-4E14-423D-9C6B-13283ACEDF0C}.Release|ARM.Deploy.0 = Release|ARM
		{68CFF61C-4E14-423D-9C6B-13283ACEDF0C}.Release|ARM64.ActiveCfg = Release|ARM64
		{68CFF61C-4E14-423D-9C6B-13283ACEDF0C}.Release|ARM64.Build.0 = Release|ARM64
		{68CFF61C-4E14-423D-9C6B-13283ACEDF0C}.Release|ARM64.Deploy.0 = Release|ARM64
		{68CFF61C-4E14-423D-9C6B-13283ACEDF0C}.Release|x64.ActiveCfg = Release|x64
		{68CFF61C-4E14-423D-9C6B-13283ACEDF0C}.Release|x64.Build.0 = Release|x64
		{68CFF61C-4E14-423D-9C6B-13283ACEDF0C}.Release|x64.Deploy.0 = Release|x64
		{68CFF61C-4E14-423D-9C6B-13283ACEDF0C}.Release|x86.ActiveCfg = Release|x86
		{68CFF61C-4E14-423D-9C6B-13283ACEDF0C}.Release|x86.Build.0 = Release|x86
		{68CFF61C-4E14-423D-9C6B-13283ACEDF0C}.Release|x86.Deploy.0 = Release|x86
	EndGlobalSection
	GlobalSection(SolutionProperties) = preSolution
		HideSolutionNode = FALSE
	EndGlobalSection
	GlobalSection(ExtensibilityGlobals) = postSolution
		SolutionGuid = {778DDBCC-BCB7-415C-8019-5DFC91B57FFF}
	EndGlobalSection
EndGlobal
